
Microsoft Visual Studio Solution File, Format Version 12.00
# Visual Studio Version 17
VisualStudioVersion = 17.9.34728.123
MinimumVisualStudioVersion = 10.0.40219.1
Project("{FAE04EC0-301F-11D3-BF4B-00C04F79EFBC}") = "Project_JobPortal_0507", "Project_JobPortal_0507.csproj", "{2E74EA1F-FF6C-49E9-997D-6374F0D95B5A}"
EndProject
Global
	GlobalSection(SolutionConfigurationPlatforms) = preSolution
		Debug|Any CPU = Debug|Any CPU
		Release|Any CPU = Release|Any CPU
	EndGlobalSection
	GlobalSection(ProjectConfigurationPlatforms) = postSolution
		{2E74EA1F-FF6C-49E9-997D-6374F0D95B5A}.Debug|Any CPU.ActiveCfg = Debug|Any CPU
		{2E74EA1F-FF6C-49E9-997D-6374F0D95B5A}.Debug|Any CPU.Build.0 = Debug|Any CPU
		{2E74EA1F-FF6C-49E9-997D-6374F0D95B5A}.Release|Any CPU.ActiveCfg = Release|Any CPU
		{2E74EA1F-FF6C-49E9-997D-6374F0D95B5A}.Release|Any CPU.Build.0 = Release|Any CPU
	EndGlobalSection
	GlobalSection(SolutionProperties) = preSolution
		HideSolutionNode = FALSE
	EndGlobalSection
	GlobalSection(ExtensibilityGlobals) = postSolution
		SolutionGuid = {B910FBEC-0339-48F4-BB4F-7E32B3B46F93}
	EndGlobalSection
EndGlobal
